
Microsoft Visual Studio Solution File, Format Version 12.00
# Visual Studio Version 17
VisualStudioVersion = 17.0.31903.59
MinimumVisualStudioVersion = 10.0.40219.1
Project("{9A19103F-16F7-4668-BE54-9A1E7A4F7556}") = "CoffeLib", "productlib\CoffeLib.csproj", "{D09C2509-9CEC-42C3-9FBA-41D86DC90818}"
EndProject
Project("{9A19103F-16F7-4668-BE54-9A1E7A4F7556}") = "CoffeClient", "productclient\CoffeClient.csproj", "{619C1DED-0B1E-4CE5-89A0-6391B2E535B8}"
EndProject
Project("{9A19103F-16F7-4668-BE54-9A1E7A4F7556}") = "CoffeApi", "productapi\CoffeApi.csproj", "{C18C810F-AB99-41FE-BDDB-28060DE45937}"
EndProject
Project("{9A19103F-16F7-4668-BE54-9A1E7A4F7556}") = "WinFormCoffeClient", "WinFormProductClient\WinFormCoffeClient.csproj", "{A4C2A3EB-DC0D-4B4D-851F-5070E3359116}"
EndProject
Global
	GlobalSection(SolutionConfigurationPlatforms) = preSolution
		Debug|Any CPU = Debug|Any CPU
		Release|Any CPU = Release|Any CPU
	EndGlobalSection
	GlobalSection(ProjectConfigurationPlatforms) = postSolution
		{D09C2509-9CEC-42C3-9FBA-41D86DC90818}.Debug|Any CPU.ActiveCfg = Debug|Any CPU
		{D09C2509-9CEC-42C3-9FBA-41D86DC90818}.Debug|Any CPU.Build.0 = Debug|Any CPU
		{D09C2509-9CEC-42C3-9FBA-41D86DC90818}.Release|Any CPU.ActiveCfg = Release|Any CPU
		{D09C2509-9CEC-42C3-9FBA-41D86DC90818}.Release|Any CPU.Build.0 = Release|Any CPU
		{619C1DED-0B1E-4CE5-89A0-6391B2E535B8}.Debug|Any CPU.ActiveCfg = Debug|Any CPU
		{619C1DED-0B1E-4CE5-89A0-6391B2E535B8}.Debug|Any CPU.Build.0 = Debug|Any CPU
		{619C1DED-0B1E-4CE5-89A0-6391B2E535B8}.Release|Any CPU.ActiveCfg = Release|Any CPU
		{619C1DED-0B1E-4CE5-89A0-6391B2E535B8}.Release|Any CPU.Build.0 = Release|Any CPU
		{C18C810F-AB99-41FE-BDDB-28060DE45937}.Debug|Any CPU.ActiveCfg = Debug|Any CPU
		{C18C810F-AB99-41FE-BDDB-28060DE45937}.Debug|Any CPU.Build.0 = Debug|Any CPU
		{C18C810F-AB99-41FE-BDDB-28060DE45937}.Release|Any CPU.ActiveCfg = Release|Any CPU
		{C18C810F-AB99-41FE-BDDB-28060DE45937}.Release|Any CPU.Build.0 = Release|Any CPU
		{A4C2A3EB-DC0D-4B4D-851F-5070E3359116}.Debug|Any CPU.ActiveCfg = Debug|Any CPU
		{A4C2A3EB-DC0D-4B4D-851F-5070E3359116}.Debug|Any CPU.Build.0 = Debug|Any CPU
		{A4C2A3EB-DC0D-4B4D-851F-5070E3359116}.Release|Any CPU.ActiveCfg = Release|Any CPU
		{A4C2A3EB-DC0D-4B4D-851F-5070E3359116}.Release|Any CPU.Build.0 = Release|Any CPU
	EndGlobalSection
	GlobalSection(SolutionProperties) = preSolution
		HideSolutionNode = FALSE
	EndGlobalSection
	GlobalSection(ExtensibilityGlobals) = postSolution
		SolutionGuid = {00CE7A37-EFE5-4611-B1F4-93007A2303CE}
	EndGlobalSection
EndGlobal
